
Microsoft Visual Studio Solution File, Format Version 12.00
# Visual Studio Version 17
VisualStudioVersion = 17.6.33829.357
MinimumVisualStudioVersion = 10.0.40219.1
Project("{9A19103F-16F7-4668-BE54-9A1E7A4F7556}") = "esphomecsharp", "esphomecsharp\esphomecsharp.csproj", "{2C00B0EF-C6DC-417E-8F07-189A4FD92FC9}"
EndProject
Global
	GlobalSection(SolutionConfigurationPlatforms) = preSolution
		Debug|Any CPU = Debug|Any CPU
		Release|Any CPU = Release|Any CPU
	EndGlobalSection
	GlobalSection(ProjectConfigurationPlatforms) = postSolution
		{2C00B0EF-C6DC-417E-8F07-189A4FD92FC9}.Debug|Any CPU.ActiveCfg = Debug|Any CPU
		{2C00B0EF-C6DC-417E-8F07-189A4FD92FC9}.Debug|Any CPU.Build.0 = Debug|Any CPU
		{2C00B0EF-C6DC-417E-8F07-189A4FD92FC9}.Release|Any CPU.ActiveCfg = Release|Any CPU
		{2C00B0EF-C6DC-417E-8F07-189A4FD92FC9}.Release|Any CPU.Build.0 = Release|Any CPU
	EndGlobalSection
	GlobalSection(SolutionProperties) = preSolution
		HideSolutionNode = FALSE
	EndGlobalSection
	GlobalSection(ExtensibilityGlobals) = postSolution
		SolutionGuid = {6A2DF364-0218-4966-9C25-6A95FF9BB516}
	EndGlobalSection
EndGlobal
